// !$*UTF8*$!
{
	archiveVersion = 1;
	classes = {
	};
	objectVersion = 56;
	objects = {

/* Begin PBXBuildFile section */
		1BA1E6A02D5C53F700D023A2 /* iOS_Bootcamp_SpotifyApp.swift in Sources */ = {isa = PBXBuildFile; fileRef = 1BA1E69F2D5C53F700D023A2 /* iOS_Bootcamp_SpotifyApp.swift */; };
		1BA1E6A22D5C53F700D023A2 /* ContentView.swift in Sources */ = {isa = PBXBuildFile; fileRef = 1BA1E6A12D5C53F700D023A2 /* ContentView.swift */; };
		1BA1E6A42D5C53F900D023A2 /* Assets.xcassets in Resources */ = {isa = PBXBuildFile; fileRef = 1BA1E6A32D5C53F900D023A2 /* Assets.xcassets */; };
		1BA1E6A72D5C53F900D023A2 /* Preview Assets.xcassets in Resources */ = {isa = PBXBuildFile; fileRef = 1BA1E6A62D5C53F900D023A2 /* Preview Assets.xcassets */; };
		1BA1E6B12D5C53F900D023A2 /* iOS_Bootcamp_SpotifyTests.swift in Sources */ = {isa = PBXBuildFile; fileRef = 1BA1E6B02D5C53F900D023A2 /* iOS_Bootcamp_SpotifyTests.swift */; };
		1BA1E6BB2D5C53F900D023A2 /* iOS_Bootcamp_SpotifyUITests.swift in Sources */ = {isa = PBXBuildFile; fileRef = 1BA1E6BA2D5C53F900D023A2 /* iOS_Bootcamp_SpotifyUITests.swift */; };
		1BA1E6BD2D5C53F900D023A2 /* iOS_Bootcamp_SpotifyUITestsLaunchTests.swift in Sources */ = {isa = PBXBuildFile; fileRef = 1BA1E6BC2D5C53F900D023A2 /* iOS_Bootcamp_SpotifyUITestsLaunchTests.swift */; };
		1BA1E6CA2D5C546B00D023A2 /* Colors.swift in Sources */ = {isa = PBXBuildFile; fileRef = 1BA1E6C92D5C546B00D023A2 /* Colors.swift */; };
/* End PBXBuildFile section */

/* Begin PBXContainerItemProxy section */
		1BA1E6AD2D5C53F900D023A2 /* PBXContainerItemProxy */ = {
			isa = PBXContainerItemProxy;
			containerPortal = 1BA1E6942D5C53F700D023A2 /* Project object */;
			proxyType = 1;
			remoteGlobalIDString = 1BA1E69B2D5C53F700D023A2;
			remoteInfo = "iOS Bootcamp Spotify";
		};
		1BA1E6B72D5C53F900D023A2 /* PBXContainerItemProxy */ = {
			isa = PBXContainerItemProxy;
			containerPortal = 1BA1E6942D5C53F700D023A2 /* Project object */;
			proxyType = 1;
			remoteGlobalIDString = 1BA1E69B2D5C53F700D023A2;
			remoteInfo = "iOS Bootcamp Spotify";
		};
/* End PBXContainerItemProxy section */

/* Begin PBXFileReference section */
		1BA1E69C2D5C53F700D023A2 /* iOS Bootcamp Spotify.app */ = {isa = PBXFileReference; explicitFileType = wrapper.application; includeInIndex = 0; path = "iOS Bootcamp Spotify.app"; sourceTree = BUILT_PRODUCTS_DIR; };
		1BA1E69F2D5C53F700D023A2 /* iOS_Bootcamp_SpotifyApp.swift */ = {isa = PBXFileReference; lastKnownFileType = sourcecode.swift; path = iOS_Bootcamp_SpotifyApp.swift; sourceTree = "<group>"; };
		1BA1E6A12D5C53F700D023A2 /* ContentView.swift */ = {isa = PBXFileReference; lastKnownFileType = sourcecode.swift; path = ContentView.swift; sourceTree = "<group>"; };
		1BA1E6A32D5C53F900D023A2 /* Assets.xcassets */ = {isa = PBXFileReference; lastKnownFileType = folder.assetcatalog; path = Assets.xcassets; sourceTree = "<group>"; };
		1BA1E6A62D5C53F900D023A2 /* Preview Assets.xcassets */ = {isa = PBXFileReference; lastKnownFileType = folder.assetcatalog; path = "Preview Assets.xcassets"; sourceTree = "<group>"; };
		1BA1E6AC2D5C53F900D023A2 /* iOS Bootcamp SpotifyTests.xctest */ = {isa = PBXFileReference; explicitFileType = wrapper.cfbundle; includeInIndex = 0; path = "iOS Bootcamp SpotifyTests.xctest"; sourceTree = BUILT_PRODUCTS_DIR; };
		1BA1E6B02D5C53F900D023A2 /* iOS_Bootcamp_SpotifyTests.swift */ = {isa = PBXFileReference; lastKnownFileType = sourcecode.swift; path = iOS_Bootcamp_SpotifyTests.swift; sourceTree = "<group>"; };
		1BA1E6B62D5C53F900D023A2 /* iOS Bootcamp SpotifyUITests.xctest */ = {isa = PBXFileReference; explicitFileType = wrapper.cfbundle; includeInIndex = 0; path = "iOS Bootcamp SpotifyUITests.xctest"; sourceTree = BUILT_PRODUCTS_DIR; };
		1BA1E6BA2D5C53F900D023A2 /* iOS_Bootcamp_SpotifyUITests.swift */ = {isa = PBXFileReference; lastKnownFileType = sourcecode.swift; path = iOS_Bootcamp_SpotifyUITests.swift; sourceTree = "<group>"; };
		1BA1E6BC2D5C53F900D023A2 /* iOS_Bootcamp_SpotifyUITestsLaunchTests.swift */ = {isa = PBXFileReference; lastKnownFileType = sourcecode.swift; path = iOS_Bootcamp_SpotifyUITestsLaunchTests.swift; sourceTree = "<group>"; };
		1BA1E6C92D5C546B00D023A2 /* Colors.swift */ = {isa = PBXFileReference; lastKnownFileType = sourcecode.swift; path = Colors.swift; sourceTree = "<group>"; };
/* End PBXFileReference section */

/* Begin PBXFrameworksBuildPhase section */
		1BA1E6992D5C53F700D023A2 /* Frameworks */ = {
			isa = PBXFrameworksBuildPhase;
			buildActionMask = 2147483647;
			files = (
			);
			runOnlyForDeploymentPostprocessing = 0;
		};
		1BA1E6A92D5C53F900D023A2 /* Frameworks */ = {
			isa = PBXFrameworksBuildPhase;
			buildActionMask = 2147483647;
			files = (
			);
			runOnlyForDeploymentPostprocessing = 0;
		};
		1BA1E6B32D5C53F900D023A2 /* Frameworks */ = {
			isa = PBXFrameworksBuildPhase;
			buildActionMask = 2147483647;
			files = (
			);
			runOnlyForDeploymentPostprocessing = 0;
		};
/* End PBXFrameworksBuildPhase section */

/* Begin PBXGroup section */
		1BA1E6932D5C53F700D023A2 = {
			isa = PBXGroup;
			children = (
				1BA1E69E2D5C53F700D023A2 /* iOS Bootcamp Spotify */,
				1BA1E6AF2D5C53F900D023A2 /* iOS Bootcamp SpotifyTests */,
				1BA1E6B92D5C53F900D023A2 /* iOS Bootcamp SpotifyUITests */,
				1BA1E69D2D5C53F700D023A2 /* Products */,
			);
			sourceTree = "<group>";
		};
		1BA1E69D2D5C53F700D023A2 /* Products */ = {
			isa = PBXGroup;
			children = (
				1BA1E69C2D5C53F700D023A2 /* iOS Bootcamp Spotify.app */,
				1BA1E6AC2D5C53F900D023A2 /* iOS Bootcamp SpotifyTests.xctest */,
				1BA1E6B62D5C53F900D023A2 /* iOS Bootcamp SpotifyUITests.xctest */,
			);
			name = Products;
			sourceTree = "<group>";
		};
		1BA1E69E2D5C53F700D023A2 /* iOS Bootcamp Spotify */ = {
			isa = PBXGroup;
			children = (
				1BA1E69F2D5C53F700D023A2 /* iOS_Bootcamp_SpotifyApp.swift */,
				1BA1E6A12D5C53F700D023A2 /* ContentView.swift */,
				1BA1E6C92D5C546B00D023A2 /* Colors.swift */,
				1BA1E6A32D5C53F900D023A2 /* Assets.xcassets */,
				1BA1E6A52D5C53F900D023A2 /* Preview Content */,
			);
			path = "iOS Bootcamp Spotify";
			sourceTree = "<group>";
		};
		1BA1E6A52D5C53F900D023A2 /* Preview Content */ = {
			isa = PBXGroup;
			children = (
				1BA1E6A62D5C53F900D023A2 /* Preview Assets.xcassets */,
			);
			path = "Preview Content";
			sourceTree = "<group>";
		};
		1BA1E6AF2D5C53F900D023A2 /* iOS Bootcamp SpotifyTests */ = {
			isa = PBXGroup;
			children = (
				1BA1E6B02D5C53F900D023A2 /* iOS_Bootcamp_SpotifyTests.swift */,
			);
			path = "iOS Bootcamp SpotifyTests";
			sourceTree = "<group>";
		};
		1BA1E6B92D5C53F900D023A2 /* iOS Bootcamp SpotifyUITests */ = {
			isa = PBXGroup;
			children = (
				1BA1E6BA2D5C53F900D023A2 /* iOS_Bootcamp_SpotifyUITests.swift */,
				1BA1E6BC2D5C53F900D023A2 /* iOS_Bootcamp_SpotifyUITestsLaunchTests.swift */,
			);
			path = "iOS Bootcamp SpotifyUITests";
			sourceTree = "<group>";
		};
/* End PBXGroup section */

/* Begin PBXNativeTarget section */
		1BA1E69B2D5C53F700D023A2 /* iOS Bootcamp Spotify */ = {
			isa = PBXNativeTarget;
			buildConfigurationList = 1BA1E6C02D5C53F900D023A2 /* Build configuration list for PBXNativeTarget "iOS Bootcamp Spotify" */;
			buildPhases = (
				1BA1E6982D5C53F700D023A2 /* Sources */,
				1BA1E6992D5C53F700D023A2 /* Frameworks */,
				1BA1E69A2D5C53F700D023A2 /* Resources */,
			);
			buildRules = (
			);
			dependencies = (
			);
			name = "iOS Bootcamp Spotify";
			productName = "iOS Bootcamp Spotify";
			productReference = 1BA1E69C2D5C53F700D023A2 /* iOS Bootcamp Spotify.app */;
			productType = "com.apple.product-type.application";
		};
		1BA1E6AB2D5C53F900D023A2 /* iOS Bootcamp SpotifyTests */ = {
			isa = PBXNativeTarget;
			buildConfigurationList = 1BA1E6C32D5C53F900D023A2 /* Build configuration list for PBXNativeTarget "iOS Bootcamp SpotifyTests" */;
			buildPhases = (
				1BA1E6A82D5C53F900D023A2 /* Sources */,
				1BA1E6A92D5C53F900D023A2 /* Frameworks */,
				1BA1E6AA2D5C53F900D023A2 /* Resources */,
			);
			buildRules = (
			);
			dependencies = (
				1BA1E6AE2D5C53F900D023A2 /* PBXTargetDependency */,
			);
			name = "iOS Bootcamp SpotifyTests";
			productName = "iOS Bootcamp SpotifyTests";
			productReference = 1BA1E6AC2D5C53F900D023A2 /* iOS Bootcamp SpotifyTests.xctest */;
			productType = "com.apple.product-type.bundle.unit-test";
		};
		1BA1E6B52D5C53F900D023A2 /* iOS Bootcamp SpotifyUITests */ = {
			isa = PBXNativeTarget;
			buildConfigurationList = 1BA1E6C62D5C53F900D023A2 /* Build configuration list for PBXNativeTarget "iOS Bootcamp SpotifyUITests" */;
			buildPhases = (
				1BA1E6B22D5C53F900D023A2 /* Sources */,
				1BA1E6B32D5C53F900D023A2 /* Frameworks */,
				1BA1E6B42D5C53F900D023A2 /* Resources */,
			);
			buildRules = (
			);
			dependencies = (
				1BA1E6B82D5C53F900D023A2 /* PBXTargetDependency */,
			);
			name = "iOS Bootcamp SpotifyUITests";
			productName = "iOS Bootcamp SpotifyUITests";
			productReference = 1BA1E6B62D5C53F900D023A2 /* iOS Bootcamp SpotifyUITests.xctest */;
			productType = "com.apple.product-type.bundle.ui-testing";
		};
/* End PBXNativeTarget section */

/* Begin PBXProject section */
		1BA1E6942D5C53F700D023A2 /* Project object */ = {
			isa = PBXProject;
			attributes = {
				BuildIndependentTargetsInParallel = 1;
				LastSwiftUpdateCheck = 1540;
				LastUpgradeCheck = 1540;
				TargetAttributes = {
					1BA1E69B2D5C53F700D023A2 = {
						CreatedOnToolsVersion = 15.4;
					};
					1BA1E6AB2D5C53F900D023A2 = {
						CreatedOnToolsVersion = 15.4;
						TestTargetID = 1BA1E69B2D5C53F700D023A2;
					};
					1BA1E6B52D5C53F900D023A2 = {
						CreatedOnToolsVersion = 15.4;
						TestTargetID = 1BA1E69B2D5C53F700D023A2;
					};
				};
			};
			buildConfigurationList = 1BA1E6972D5C53F700D023A2 /* Build configuration list for PBXProject "iOS Bootcamp Spotify" */;
			compatibilityVersion = "Xcode 14.0";
			developmentRegion = en;
			hasScannedForEncodings = 0;
			knownRegions = (
				en,
				Base,
			);
			mainGroup = 1BA1E6932D5C53F700D023A2;
			productRefGroup = 1BA1E69D2D5C53F700D023A2 /* Products */;
			projectDirPath = "";
			projectRoot = "";
			targets = (
				1BA1E69B2D5C53F700D023A2 /* iOS Bootcamp Spotify */,
				1BA1E6AB2D5C53F900D023A2 /* iOS Bootcamp SpotifyTests */,
				1BA1E6B52D5C53F900D023A2 /* iOS Bootcamp SpotifyUITests */,
			);
		};
/* End PBXProject section */

/* Begin PBXResourcesBuildPhase section */
		1BA1E69A2D5C53F700D023A2 /* Resources */ = {
			isa = PBXResourcesBuildPhase;
			buildActionMask = 2147483647;
			files = (
				1BA1E6A72D5C53F900D023A2 /* Preview Assets.xcassets in Resources */,
				1BA1E6A42D5C53F900D023A2 /* Assets.xcassets in Resources */,
			);
			runOnlyForDeploymentPostprocessing = 0;
		};
		1BA1E6AA2D5C53F900D023A2 /* Resources */ = {
			isa = PBXResourcesBuildPhase;
			buildActionMask = 2147483647;
			files = (
			);
			runOnlyForDeploymentPostprocessing = 0;
		};
		1BA1E6B42D5C53F900D023A2 /* Resources */ = {
			isa = PBXResourcesBuildPhase;
			buildActionMask = 2147483647;
			files = (
			);
			runOnlyForDeploymentPostprocessing = 0;
		};
/* End PBXResourcesBuildPhase section */

/* Begin PBXSourcesBuildPhase section */
		1BA1E6982D5C53F700D023A2 /* Sources */ = {
			isa = PBXSourcesBuildPhase;
			buildActionMask = 2147483647;
			files = (
				1BA1E6A22D5C53F700D023A2 /* ContentView.swift in Sources */,
				1BA1E6CA2D5C546B00D023A2 /* Colors.swift in Sources */,
				1BA1E6A02D5C53F700D023A2 /* iOS_Bootcamp_SpotifyApp.swift in Sources */,
			);
			runOnlyForDeploymentPostprocessing = 0;
		};
		1BA1E6A82D5C53F900D023A2 /* Sources */ = {
			isa = PBXSourcesBuildPhase;
			buildActionMask = 2147483647;
			files = (
				1BA1E6B12D5C53F900D023A2 /* iOS_Bootcamp_SpotifyTests.swift in Sources */,
			);
			runOnlyForDeploymentPostprocessing = 0;
		};
		1BA1E6B22D5C53F900D023A2 /* Sources */ = {
			isa = PBXSourcesBuildPhase;
			buildActionMask = 2147483647;
			files = (
				1BA1E6BD2D5C53F900D023A2 /* iOS_Bootcamp_SpotifyUITestsLaunchTests.swift in Sources */,
				1BA1E6BB2D5C53F900D023A2 /* iOS_Bootcamp_SpotifyUITests.swift in Sources */,
			);
			runOnlyForDeploymentPostprocessing = 0;
		};
/* End PBXSourcesBuildPhase section */

/* Begin PBXTargetDependency section */
		1BA1E6AE2D5C53F900D023A2 /* PBXTargetDependency */ = {
			isa = PBXTargetDependency;
			target = 1BA1E69B2D5C53F700D023A2 /* iOS Bootcamp Spotify */;
			targetProxy = 1BA1E6AD2D5C53F900D023A2 /* PBXContainerItemProxy */;
		};
		1BA1E6B82D5C53F900D023A2 /* PBXTargetDependency */ = {
			isa = PBXTargetDependency;
			target = 1BA1E69B2D5C53F700D023A2 /* iOS Bootcamp Spotify */;
			targetProxy = 1BA1E6B72D5C53F900D023A2 /* PBXContainerItemProxy */;
		};
/* End PBXTargetDependency section */

/* Begin XCBuildConfiguration section */
		1BA1E6BE2D5C53F900D023A2 /* Debug */ = {
			isa = XCBuildConfiguration;
			buildSettings = {
				ALWAYS_SEARCH_USER_PATHS = NO;
				ASSETCATALOG_COMPILER_GENERATE_SWIFT_ASSET_SYMBOL_EXTENSIONS = YES;
				CLANG_ANALYZER_NONNULL = YES;
				CLANG_ANALYZER_NUMBER_OBJECT_CONVERSION = YES_AGGRESSIVE;
				CLANG_CXX_LANGUAGE_STANDARD = "gnu++20";
				CLANG_ENABLE_MODULES = YES;
				CLANG_ENABLE_OBJC_ARC = YES;
				CLANG_ENABLE_OBJC_WEAK = YES;
				CLANG_WARN_BLOCK_CAPTURE_AUTORELEASING = YES;
				CLANG_WARN_BOOL_CONVERSION = YES;
				CLANG_WARN_COMMA = YES;
				CLANG_WARN_CONSTANT_CONVERSION = YES;
				CLANG_WARN_DEPRECATED_OBJC_IMPLEMENTATIONS = YES;
				CLANG_WARN_DIRECT_OBJC_ISA_USAGE = YES_ERROR;
				CLANG_WARN_DOCUMENTATION_COMMENTS = YES;
				CLANG_WARN_EMPTY_BODY = YES;
				CLANG_WARN_ENUM_CONVERSION = YES;
				CLANG_WARN_INFINITE_RECURSION = YES;
				CLANG_WARN_INT_CONVERSION = YES;
				CLANG_WARN_NON_LITERAL_NULL_CONVERSION = YES;
				CLANG_WARN_OBJC_IMPLICIT_RETAIN_SELF = YES;
				CLANG_WARN_OBJC_LITERAL_CONVERSION = YES;
				CLANG_WARN_OBJC_ROOT_CLASS = YES_ERROR;
				CLANG_WARN_QUOTED_INCLUDE_IN_FRAMEWORK_HEADER = YES;
				CLANG_WARN_RANGE_LOOP_ANALYSIS = YES;
				CLANG_WARN_STRICT_PROTOTYPES = YES;
				CLANG_WARN_SUSPICIOUS_MOVE = YES;
				CLANG_WARN_UNGUARDED_AVAILABILITY = YES_AGGRESSIVE;
				CLANG_WARN_UNREACHABLE_CODE = YES;
				CLANG_WARN__DUPLICATE_METHOD_MATCH = YES;
				COPY_PHASE_STRIP = NO;
				DEBUG_INFORMATION_FORMAT = dwarf;
				ENABLE_STRICT_OBJC_MSGSEND = YES;
				ENABLE_TESTABILITY = YES;
				ENABLE_USER_SCRIPT_SANDBOXING = YES;
				GCC_C_LANGUAGE_STANDARD = gnu17;
				GCC_DYNAMIC_NO_PIC = NO;
				GCC_NO_COMMON_BLOCKS = YES;
				GCC_OPTIMIZATION_LEVEL = 0;
				GCC_PREPROCESSOR_DEFINITIONS = (
					"DEBUG=1",
					"$(inherited)",
				);
				GCC_WARN_64_TO_32_BIT_CONVERSION = YES;
				GCC_WARN_ABOUT_RETURN_TYPE = YES_ERROR;
				GCC_WARN_UNDECLARED_SELECTOR = YES;
				GCC_WARN_UNINITIALIZED_AUTOS = YES_AGGRESSIVE;
				GCC_WARN_UNUSED_FUNCTION = YES;
				GCC_WARN_UNUSED_VARIABLE = YES;
				IPHONEOS_DEPLOYMENT_TARGET = 17.5;
				LOCALIZATION_PREFERS_STRING_CATALOGS = YES;
				MTL_ENABLE_DEBUG_INFO = INCLUDE_SOURCE;
				MTL_FAST_MATH = YES;
				ONLY_ACTIVE_ARCH = YES;
				SDKROOT = iphoneos;
				SWIFT_ACTIVE_COMPILATION_CONDITIONS = "DEBUG $(inherited)";
				SWIFT_OPTIMIZATION_LEVEL = "-Onone";
			};
			name = Debug;
		};
		1BA1E6BF2D5C53F900D023A2 /* Release */ = {
			isa = XCBuildConfiguration;
			buildSettings = {
				ALWAYS_SEARCH_USER_PATHS = NO;
				ASSETCATALOG_COMPILER_GENERATE_SWIFT_ASSET_SYMBOL_EXTENSIONS = YES;
				CLANG_ANALYZER_NONNULL = YES;
				CLANG_ANALYZER_NUMBER_OBJECT_CONVERSION = YES_AGGRESSIVE;
				CLANG_CXX_LANGUAGE_STANDARD = "gnu++20";
				CLANG_ENABLE_MODULES = YES;
				CLANG_ENABLE_OBJC_ARC = YES;
				CLANG_ENABLE_OBJC_WEAK = YES;
				CLANG_WARN_BLOCK_CAPTURE_AUTORELEASING = YES;
				CLANG_WARN_BOOL_CONVERSION = YES;
				CLANG_WARN_COMMA = YES;
				CLANG_WARN_CONSTANT_CONVERSION = YES;
				CLANG_WARN_DEPRECATED_OBJC_IMPLEMENTATIONS = YES;
				CLANG_WARN_DIRECT_OBJC_ISA_USAGE = YES_ERROR;
				CLANG_WARN_DOCUMENTATION_COMMENTS = YES;
				CLANG_WARN_EMPTY_BODY = YES;
				CLANG_WARN_ENUM_CONVERSION = YES;
				CLANG_WARN_INFINITE_RECURSION = YES;
				CLANG_WARN_INT_CONVERSION = YES;
				CLANG_WARN_NON_LITERAL_NULL_CONVERSION = YES;
				CLANG_WARN_OBJC_IMPLICIT_RETAIN_SELF = YES;
				CLANG_WARN_OBJC_LITERAL_CONVERSION = YES;
				CLANG_WARN_OBJC_ROOT_CLASS = YES_ERROR;
				CLANG_WARN_QUOTED_INCLUDE_IN_FRAMEWORK_HEADER = YES;
				CLANG_WARN_RANGE_LOOP_ANALYSIS = YES;
				CLANG_WARN_STRICT_PROTOTYPES = YES;
				CLANG_WARN_SUSPICIOUS_MOVE = YES;
				CLANG_WARN_UNGUARDED_AVAILABILITY = YES_AGGRESSIVE;
				CLANG_WARN_UNREACHABLE_CODE = YES;
				CLANG_WARN__DUPLICATE_METHOD_MATCH = YES;
				COPY_PHASE_STRIP = NO;
				DEBUG_INFORMATION_FORMAT = "dwarf-with-dsym";
				ENABLE_NS_ASSERTIONS = NO;
				ENABLE_STRICT_OBJC_MSGSEND = YES;
				ENABLE_USER_SCRIPT_SANDBOXING = YES;
				GCC_C_LANGUAGE_STANDARD = gnu17;
				GCC_NO_COMMON_BLOCKS = YES;
				GCC_WARN_64_TO_32_BIT_CONVERSION = YES;
				GCC_WARN_ABOUT_RETURN_TYPE = YES_ERROR;
				GCC_WARN_UNDECLARED_SELECTOR = YES;
				GCC_WARN_UNINITIALIZED_AUTOS = YES_AGGRESSIVE;
				GCC_WARN_UNUSED_FUNCTION = YES;
				GCC_WARN_UNUSED_VARIABLE = YES;
				IPHONEOS_DEPLOYMENT_TARGET = 17.5;
				LOCALIZATION_PREFERS_STRING_CATALOGS = YES;
				MTL_ENABLE_DEBUG_INFO = NO;
				MTL_FAST_MATH = YES;
				SDKROOT = iphoneos;
				SWIFT_COMPILATION_MODE = wholemodule;
				VALIDATE_PRODUCT = YES;
			};
			name = Release;
		};
		1BA1E6C12D5C53F900D023A2 /* Debug */ = {
			isa = XCBuildConfiguration;
			buildSettings = {
				ASSETCATALOG_COMPILER_APPICON_NAME = AppIcon;
				ASSETCATALOG_COMPILER_GLOBAL_ACCENT_COLOR_NAME = AccentColor;
				CODE_SIGN_STYLE = Automatic;
				CURRENT_PROJECT_VERSION = 1;
				DEVELOPMENT_ASSET_PATHS = "\"iOS Bootcamp Spotify/Preview Content\"";
				DEVELOPMENT_TEAM = B9UF6RRZFW;
				ENABLE_PREVIEWS = YES;
				GENERATE_INFOPLIST_FILE = YES;
				INFOPLIST_KEY_UIApplicationSceneManifest_Generation = YES;
				INFOPLIST_KEY_UIApplicationSupportsIndirectInputEvents = YES;
				INFOPLIST_KEY_UILaunchScreen_Generation = YES;
				INFOPLIST_KEY_UISupportedInterfaceOrientations_iPad = "UIInterfaceOrientationPortrait UIInterfaceOrientationPortraitUpsideDown UIInterfaceOrientationLandscapeLeft UIInterfaceOrientationLandscapeRight";
				INFOPLIST_KEY_UISupportedInterfaceOrientations_iPhone = "UIInterfaceOrientationPortrait UIInterfaceOrientationLandscapeLeft UIInterfaceOrientationLandscapeRight";
				LD_RUNPATH_SEARCH_PATHS = (
					"$(inherited)",
					"@executable_path/Frameworks",
				);
				MARKETING_VERSION = 1.0;
				PRODUCT_BUNDLE_IDENTIFIER = "name.emmanuelalonge.iOS-Bootcamp-Spotify";
				PRODUCT_NAME = "$(TARGET_NAME)";
				SWIFT_EMIT_LOC_STRINGS = YES;
				SWIFT_VERSION = 5.0;
				TARGETED_DEVICE_FAMILY = "1,2";
			};
			name = Debug;
		};
		1BA1E6C22D5C53F900D023A2 /* Release */ = {
			isa = XCBuildConfiguration;
			buildSettings = {
				ASSETCATALOG_COMPILER_APPICON_NAME = AppIcon;
				ASSETCATALOG_COMPILER_GLOBAL_ACCENT_COLOR_NAME = AccentColor;
				CODE_SIGN_STYLE = Automatic;
				CURRENT_PROJECT_VERSION = 1;
				DEVELOPMENT_ASSET_PATHS = "\"iOS Bootcamp Spotify/Preview Content\"";
				DEVELOPMENT_TEAM = B9UF6RRZFW;
				ENABLE_PREVIEWS = YES;
				GENERATE_INFOPLIST_FILE = YES;
				INFOPLIST_KEY_UIApplicationSceneManifest_Generation = YES;
				INFOPLIST_KEY_UIApplicationSupportsIndirectInputEvents = YES;
				INFOPLIST_KEY_UILaunchScreen_Generation = YES;
				INFOPLIST_KEY_UISupportedInterfaceOrientations_iPad = "UIInterfaceOrientationPortrait UIInterfaceOrientationPortraitUpsideDown UIInterfaceOrientationLandscapeLeft UIInterfaceOrientationLandscapeRight";
				INFOPLIST_KEY_UISupportedInterfaceOrientations_iPhone = "UIInterfaceOrientationPortrait UIInterfaceOrientationLandscapeLeft UIInterfaceOrientationLandscapeRight";
				LD_RUNPATH_SEARCH_PATHS = (
					"$(inherited)",
					"@executable_path/Frameworks",
				);
				MARKETING_VERSION = 1.0;
				PRODUCT_BUNDLE_IDENTIFIER = "name.emmanuelalonge.iOS-Bootcamp-Spotify";
				PRODUCT_NAME = "$(TARGET_NAME)";
				SWIFT_EMIT_LOC_STRINGS = YES;
				SWIFT_VERSION = 5.0;
				TARGETED_DEVICE_FAMILY = "1,2";
			};
			name = Release;
		};
		1BA1E6C42D5C53F900D023A2 /* Debug */ = {
			isa = XCBuildConfiguration;
			buildSettings = {
				ALWAYS_EMBED_SWIFT_STANDARD_LIBRARIES = YES;
				BUNDLE_LOADER = "$(TEST_HOST)";
				CODE_SIGN_STYLE = Automatic;
				CURRENT_PROJECT_VERSION = 1;
				DEVELOPMENT_TEAM = B9UF6RRZFW;
				GENERATE_INFOPLIST_FILE = YES;
				IPHONEOS_DEPLOYMENT_TARGET = 17.5;
				MARKETING_VERSION = 1.0;
				PRODUCT_BUNDLE_IDENTIFIER = "name.emmanuelalonge.iOS-Bootcamp-SpotifyTests";
				PRODUCT_NAME = "$(TARGET_NAME)";
				SWIFT_EMIT_LOC_STRINGS = NO;
				SWIFT_VERSION = 5.0;
				TARGETED_DEVICE_FAMILY = "1,2";
				TEST_HOST = "$(BUILT_PRODUCTS_DIR)/iOS Bootcamp Spotify.app/$(BUNDLE_EXECUTABLE_FOLDER_PATH)/iOS Bootcamp Spotify";
			};
			name = Debug;
		};
		1BA1E6C52D5C53F900D023A2 /* Release */ = {
			isa = XCBuildConfiguration;
			buildSettings = {
				ALWAYS_EMBED_SWIFT_STANDARD_LIBRARIES = YES;
				BUNDLE_LOADER = "$(TEST_HOST)";
				CODE_SIGN_STYLE = Automatic;
				CURRENT_PROJECT_VERSION = 1;
				DEVELOPMENT_TEAM = B9UF6RRZFW;
				GENERATE_INFOPLIST_FILE = YES;
				IPHONEOS_DEPLOYMENT_TARGET = 17.5;
				MARKETING_VERSION = 1.0;
				PRODUCT_BUNDLE_IDENTIFIER = "name.emmanuelalonge.iOS-Bootcamp-SpotifyTests";
				PRODUCT_NAME = "$(TARGET_NAME)";
				SWIFT_EMIT_LOC_STRINGS = NO;
				SWIFT_VERSION = 5.0;
				TARGETED_DEVICE_FAMILY = "1,2";
				TEST_HOST = "$(BUILT_PRODUCTS_DIR)/iOS Bootcamp Spotify.app/$(BUNDLE_EXECUTABLE_FOLDER_PATH)/iOS Bootcamp Spotify";
			};
			name = Release;
		};
		1BA1E6C72D5C53F900D023A2 /* Debug */ = {
			isa = XCBuildConfiguration;
			buildSettings = {
				ALWAYS_EMBED_SWIFT_STANDARD_LIBRARIES = YES;
				CODE_SIGN_STYLE = Automatic;
				CURRENT_PROJECT_VERSION = 1;
				DEVELOPMENT_TEAM = B9UF6RRZFW;
				GENERATE_INFOPLIST_FILE = YES;
				MARKETING_VERSION = 1.0;
				PRODUCT_BUNDLE_IDENTIFIER = "name.emmanuelalonge.iOS-Bootcamp-SpotifyUITests";
				PRODUCT_NAME = "$(TARGET_NAME)";
				SWIFT_EMIT_LOC_STRINGS = NO;
				SWIFT_VERSION = 5.0;
				TARGETED_DEVICE_FAMILY = "1,2";
				TEST_TARGET_NAME = "iOS Bootcamp Spotify";
			};
			name = Debug;
		};
		1BA1E6C82D5C53F900D023A2 /* Release */ = {
			isa = XCBuildConfiguration;
			buildSettings = {
				ALWAYS_EMBED_SWIFT_STANDARD_LIBRARIES = YES;
				CODE_SIGN_STYLE = Automatic;
				CURRENT_PROJECT_VERSION = 1;
				DEVELOPMENT_TEAM = B9UF6RRZFW;
				GENERATE_INFOPLIST_FILE = YES;
				MARKETING_VERSION = 1.0;
				PRODUCT_BUNDLE_IDENTIFIER = "name.emmanuelalonge.iOS-Bootcamp-SpotifyUITests";
				PRODUCT_NAME = "$(TARGET_NAME)";
				SWIFT_EMIT_LOC_STRINGS = NO;
				SWIFT_VERSION = 5.0;
				TARGETED_DEVICE_FAMILY = "1,2";
				TEST_TARGET_NAME = "iOS Bootcamp Spotify";
			};
			name = Release;
		};
/* End XCBuildConfiguration section */

/* Begin XCConfigurationList section */
		1BA1E6972D5C53F700D023A2 /* Build configuration list for PBXProject "iOS Bootcamp Spotify" */ = {
			isa = XCConfigurationList;
			buildConfigurations = (
				1BA1E6BE2D5C53F900D023A2 /* Debug */,
				1BA1E6BF2D5C53F900D023A2 /* Release */,
			);
			defaultConfigurationIsVisible = 0;
			defaultConfigurationName = Release;
		};
		1BA1E6C02D5C53F900D023A2 /* Build configuration list for PBXNativeTarget "iOS Bootcamp Spotify" */ = {
			isa = XCConfigurationList;
			buildConfigurations = (
				1BA1E6C12D5C53F900D023A2 /* Debug */,
				1BA1E6C22D5C53F900D023A2 /* Release */,
			);
			defaultConfigurationIsVisible = 0;
			defaultConfigurationName = Release;
		};
		1BA1E6C32D5C53F900D023A2 /* Build configuration list for PBXNativeTarget "iOS Bootcamp SpotifyTests" */ = {
			isa = XCConfigurationList;
			buildConfigurations = (
				1BA1E6C42D5C53F900D023A2 /* Debug */,
				1BA1E6C52D5C53F900D023A2 /* Release */,
			);
			defaultConfigurationIsVisible = 0;
			defaultConfigurationName = Release;
		};
		1BA1E6C62D5C53F900D023A2 /* Build configuration list for PBXNativeTarget "iOS Bootcamp SpotifyUITests" */ = {
			isa = XCConfigurationList;
			buildConfigurations = (
				1BA1E6C72D5C53F900D023A2 /* Debug */,
				1BA1E6C82D5C53F900D023A2 /* Release */,
			);
			defaultConfigurationIsVisible = 0;
			defaultConfigurationName = Release;
		};
/* End XCConfigurationList section */
	};
	rootObject = 1BA1E6942D5C53F700D023A2 /* Project object */;
}
